
Microsoft Visual Studio Solution File, Format Version 12.00
# Visual Studio Version 16
VisualStudioVersion = 25.0.1705.4
MinimumVisualStudioVersion = 10.0.40219.1
Project("{FAE04EC0-301F-11D3-BF4B-00C04F79EFBC}") = "dotnetmetric", "dotnetmetric\dotnetmetric.csproj", "{70BEF91D-47AA-45E8-ADCF-883A495F0AA6}"
EndProject
Project("{E53339B2-1760-4266-BCC7-CA923CBCF16C}") = "docker-compose", "docker-compose.dcproj", "{D932B3D0-DB32-470B-8D4A-A759568903EF}"
EndProject
Global
	GlobalSection(SolutionConfigurationPlatforms) = preSolution
		Debug|Any CPU = Debug|Any CPU
		Release|Any CPU = Release|Any CPU
	EndGlobalSection
	GlobalSection(ProjectConfigurationPlatforms) = postSolution
		{70BEF91D-47AA-45E8-ADCF-883A495F0AA6}.Debug|Any CPU.ActiveCfg = Debug|Any CPU
		{70BEF91D-47AA-45E8-ADCF-883A495F0AA6}.Debug|Any CPU.Build.0 = Debug|Any CPU
		{70BEF91D-47AA-45E8-ADCF-883A495F0AA6}.Release|Any CPU.ActiveCfg = Release|Any CPU
		{70BEF91D-47AA-45E8-ADCF-883A495F0AA6}.Release|Any CPU.Build.0 = Release|Any CPU
		{D932B3D0-DB32-470B-8D4A-A759568903EF}.Debug|Any CPU.ActiveCfg = Debug|Any CPU
		{D932B3D0-DB32-470B-8D4A-A759568903EF}.Debug|Any CPU.Build.0 = Debug|Any CPU
		{D932B3D0-DB32-470B-8D4A-A759568903EF}.Release|Any CPU.ActiveCfg = Release|Any CPU
		{D932B3D0-DB32-470B-8D4A-A759568903EF}.Release|Any CPU.Build.0 = Release|Any CPU
	EndGlobalSection
	GlobalSection(SolutionProperties) = preSolution
		HideSolutionNode = FALSE
	EndGlobalSection
	GlobalSection(ExtensibilityGlobals) = postSolution
		SolutionGuid = {78D97436-DCE8-4F94-BA29-EC44921F1BDA}
	EndGlobalSection
EndGlobal
